
Microsoft Visual Studio Solution File, Format Version 11.00
# Visual Studio 2010
Project("{FAE04EC0-301F-11D3-BF4B-00C04F79EFBC}") = "XamarinQAChallenge", "XamarinQAChallenge\XamarinQAChallenge.csproj", "{8482C883-FB18-43AF-9115-63718BDFD6B8}"
EndProject
Global
	GlobalSection(SolutionConfigurationPlatforms) = preSolution
		Debug|iPhoneSimulator = Debug|iPhoneSimulator
		Release|iPhoneSimulator = Release|iPhoneSimulator
		Debug|iPhone = Debug|iPhone
		Release|iPhone = Release|iPhone
		Ad-Hoc|iPhone = Ad-Hoc|iPhone
		AppStore|iPhone = AppStore|iPhone
	EndGlobalSection
	GlobalSection(ProjectConfigurationPlatforms) = postSolution
		{8482C883-FB18-43AF-9115-63718BDFD6B8}.Ad-Hoc|iPhone.ActiveCfg = Ad-Hoc|iPhone
		{8482C883-FB18-43AF-9115-63718BDFD6B8}.Ad-Hoc|iPhone.Build.0 = Ad-Hoc|iPhone
		{8482C883-FB18-43AF-9115-63718BDFD6B8}.AppStore|iPhone.ActiveCfg = AppStore|iPhone
		{8482C883-FB18-43AF-9115-63718BDFD6B8}.AppStore|iPhone.Build.0 = AppStore|iPhone
		{8482C883-FB18-43AF-9115-63718BDFD6B8}.Debug|iPhone.ActiveCfg = Debug|iPhone
		{8482C883-FB18-43AF-9115-63718BDFD6B8}.Debug|iPhone.Build.0 = Debug|iPhone
		{8482C883-FB18-43AF-9115-63718BDFD6B8}.Debug|iPhoneSimulator.ActiveCfg = Debug|iPhoneSimulator
		{8482C883-FB18-43AF-9115-63718BDFD6B8}.Debug|iPhoneSimulator.Build.0 = Debug|iPhoneSimulator
		{8482C883-FB18-43AF-9115-63718BDFD6B8}.Release|iPhone.ActiveCfg = Release|iPhone
		{8482C883-FB18-43AF-9115-63718BDFD6B8}.Release|iPhone.Build.0 = Release|iPhone
		{8482C883-FB18-43AF-9115-63718BDFD6B8}.Release|iPhoneSimulator.ActiveCfg = Release|iPhoneSimulator
		{8482C883-FB18-43AF-9115-63718BDFD6B8}.Release|iPhoneSimulator.Build.0 = Release|iPhoneSimulator
	EndGlobalSection
	GlobalSection(MonoDevelopProperties) = preSolution
		StartupItem = XamarinQAChallenge\XamarinQAChallenge.csproj
	EndGlobalSection
EndGlobal
